
Microsoft Visual Studio Solution File, Format Version 12.00
# Visual Studio Version 17
VisualStudioVersion = 17.4.33213.308
MinimumVisualStudioVersion = 10.0.40219.1
Project("{FAE04EC0-301F-11D3-BF4B-00C04F79EFBC}") = "LearWebAutomation3001", "LearWebAutomation3001\LearWebAutomation3001.csproj", "{4033058E-F2E5-445F-9DF4-16083D7793DC}"
EndProject
Global
	GlobalSection(SolutionConfigurationPlatforms) = preSolution
		Debug|Any CPU = Debug|Any CPU
		Release|Any CPU = Release|Any CPU
	EndGlobalSection
	GlobalSection(ProjectConfigurationPlatforms) = postSolution
		{4033058E-F2E5-445F-9DF4-16083D7793DC}.Debug|Any CPU.ActiveCfg = Debug|Any CPU
		{4033058E-F2E5-445F-9DF4-16083D7793DC}.Debug|Any CPU.Build.0 = Debug|Any CPU
		{4033058E-F2E5-445F-9DF4-16083D7793DC}.Release|Any CPU.ActiveCfg = Release|Any CPU
		{4033058E-F2E5-445F-9DF4-16083D7793DC}.Release|Any CPU.Build.0 = Release|Any CPU
	EndGlobalSection
	GlobalSection(SolutionProperties) = preSolution
		HideSolutionNode = FALSE
	EndGlobalSection
	GlobalSection(ExtensibilityGlobals) = postSolution
		SolutionGuid = {A24F4F51-B176-4879-ACD0-01131CDFC916}
	EndGlobalSection
EndGlobal
